
Microsoft Visual Studio Solution File, Format Version 12.00
# Visual Studio 2013
VisualStudioVersion = 12.0.21005.1
MinimumVisualStudioVersion = 10.0.40219.1
Project("{2150E333-8FDC-42A3-9474-1A3956D46DE8}") = "Solution Items", "Solution Items", "{DBA59050-B84E-4B0C-A7A7-E8538DA3D073}"
	ProjectSection(SolutionItems) = preProject
		README.md = README.md
		WE-Markdown.css = WE-Markdown.css
	EndProjectSection
EndProject
Project("{FAE04EC0-301F-11D3-BF4B-00C04F79EFBC}") = "Raygun.Owin", "src\Raygun.Owin\Raygun.Owin.csproj", "{61671993-9DE5-462C-9380-E2326160CEF4}"
EndProject
Project("{2150E333-8FDC-42A3-9474-1A3956D46DE8}") = ".nuget", ".nuget", "{41665304-FFC7-4743-BD19-958160484434}"
	ProjectSection(SolutionItems) = preProject
		.nuget\NuGet.Config = .nuget\NuGet.Config
		.nuget\NuGet.exe = .nuget\NuGet.exe
		.nuget\NuGet.targets = .nuget\NuGet.targets
	EndProjectSection
EndProject
Project("{FAE04EC0-301F-11D3-BF4B-00C04F79EFBC}") = "Raygun.Owin.Tests", "test\Raygun.Owin.Tests\Raygun.Owin.Tests.csproj", "{E4F7FBC0-509F-465E-9362-ABB3D6972137}"
EndProject
Global
	GlobalSection(SolutionConfigurationPlatforms) = preSolution
		Debug|Any CPU = Debug|Any CPU
		Release|Any CPU = Release|Any CPU
	EndGlobalSection
	GlobalSection(ProjectConfigurationPlatforms) = postSolution
		{61671993-9DE5-462C-9380-E2326160CEF4}.Debug|Any CPU.ActiveCfg = Debug|Any CPU
		{61671993-9DE5-462C-9380-E2326160CEF4}.Debug|Any CPU.Build.0 = Debug|Any CPU
		{61671993-9DE5-462C-9380-E2326160CEF4}.Release|Any CPU.ActiveCfg = Release|Any CPU
		{61671993-9DE5-462C-9380-E2326160CEF4}.Release|Any CPU.Build.0 = Release|Any CPU
		{E4F7FBC0-509F-465E-9362-ABB3D6972137}.Debug|Any CPU.ActiveCfg = Debug|Any CPU
		{E4F7FBC0-509F-465E-9362-ABB3D6972137}.Debug|Any CPU.Build.0 = Debug|Any CPU
		{E4F7FBC0-509F-465E-9362-ABB3D6972137}.Release|Any CPU.ActiveCfg = Release|Any CPU
		{E4F7FBC0-509F-465E-9362-ABB3D6972137}.Release|Any CPU.Build.0 = Release|Any CPU
	EndGlobalSection
	GlobalSection(SolutionProperties) = preSolution
		HideSolutionNode = FALSE
	EndGlobalSection
EndGlobal
